<?xml version="1.0" encoding="utf-8"?>
<Project ToolsVersion="4.0" xmlns="http://schemas.microsoft.com/developer/msbuild/2003">
  <ItemGroup>
    <Filter Include="Source Files">
      <UniqueIdentifier>{4FC737F1-C7A5-4376-A066-2A32D752A2FF}</UniqueIdentifier>
      <Extensions>cpp;c;cc;cxx;c++;cppm;ixx;def;odl;idl;hpj;bat;asm;asmx</Extensions>
    </Filter>
    <Filter Include="Header Files">
      <UniqueIdentifier>{93995380-89BD-4b04-88EB-625FBE52EBFB}</UniqueIdentifier>
      <Extensions>h;hh;hpp;hxx;h++;hm;inl;inc;ipp;xsd</Extensions>
    </Filter>
    <Filter Include="Resource Files">
      <UniqueIdentifier>{67DA6AB6-F800-4c08-8B7A-83BB121AAD01}</UniqueIdentifier>
      <Extensions>rc;ico;cur;bmp;dlg;rc2;rct;bin;rgs;gif;jpg;jpeg;jpe;resx;tiff;tif;png;wav;mfcribbon-ms</Extensions>
    </Filter>
    <Filter Include="Header Files\cpsig">
      <UniqueIdentifier>{f9d4cfa9-a5ec-4ebf-8ede-265738599e9d}</UniqueIdentifier>
    </Filter>
    <Filter Include="Source Files\cpsig">
      <UniqueIdentifier>{210232d4-4572-4b99-8d81-59b2d124f9c4}</UniqueIdentifier>
    </Filter>
  </ItemGroup>
  <ItemGroup>
    <ClInclude Include="..\cpsig\cppch.h">
      <Filter>Header Files\cpsig</Filter>
    </ClInclude>
    <ClInclude Include="..\cpsig\cpsig.h">
      <Filter>Header Files\cpsig</Filter>
    </ClInclude>
    <ClInclude Include="..\cpsig\cp_bch.h">
      <Filter>Header Files\cpsig</Filter>
    </ClInclude>
    <ClInclude Include="..\cpsig\cp_bch_data.h">
      <Filter>Header Files\cpsig</Filter>
    </ClInclude>
    <ClInclude Include="..\cpsig\cp_branched_cache.h">
      <Filter>Header Files\cpsig</Filter>
    </ClInclude>
    <ClInclude Include="..\cpsig\cp_branched_signature.h">
      <Filter>Header Files\cpsig</Filter>
    </ClInclude>
    <ClInclude Include="..\cpsig\cp_exp_signature.h">
      <Filter>Header Files\cpsig</Filter>
    </ClInclude>
    <ClInclude Include="..\cpsig\cp_log_signature.h">
      <Filter>Header Files\cpsig</Filter>
    </ClInclude>
    <ClInclude Include="..\cpsig\cp_path.h">
      <Filter>Header Files\cpsig</Filter>
    </ClInclude>
    <ClInclude Include="..\cpsig\cp_path_transforms.h">
      <Filter>Header Files\cpsig</Filter>
    </ClInclude>
    <ClInclude Include="..\cpsig\cp_sig_coef.h">
      <Filter>Header Files\cpsig</Filter>
    </ClInclude>
    <ClInclude Include="..\cpsig\cp_sig_combine.h">
      <Filter>Header Files\cpsig</Filter>
    </ClInclude>
    <ClInclude Include="..\cpsig\cp_sig_join.h">
      <Filter>Header Files\cpsig</Filter>
    </ClInclude>
    <ClInclude Include="..\cpsig\cp_sig_kernel.h">
      <Filter>Header Files\cpsig</Filter>
    </ClInclude>
    <ClInclude Include="..\cpsig\cp_signature.h">
      <Filter>Header Files\cpsig</Filter>
    </ClInclude>
    <ClInclude Include="..\cpsig\cp_tensor_log.h">
      <Filter>Header Files\cpsig</Filter>
    </ClInclude>
    <ClInclude Include="..\cpsig\cp_utils.h">
      <Filter>Header Files\cpsig</Filter>
    </ClInclude>
    <ClInclude Include="..\cpsig\cp_vector_funcs.h">
      <Filter>Header Files\cpsig</Filter>
    </ClInclude>
    <ClInclude Include="..\cpsig\disk_cache.h">
      <Filter>Header Files\cpsig</Filter>
    </ClInclude>
    <ClInclude Include="..\cpsig\log_sig_cache.h">
      <Filter>Header Files\cpsig</Filter>
    </ClInclude>
    <ClInclude Include="..\cpsig\macros.h">
      <Filter>Header Files\cpsig</Filter>
    </ClInclude>
    <ClInclude Include="..\cpsig\multithreading.h">
      <Filter>Header Files\cpsig</Filter>
    </ClInclude>
    <ClInclude Include="..\cpsig\sparse.h">
      <Filter>Header Files\cpsig</Filter>
    </ClInclude>
    <ClInclude Include="..\cpsig\words.h">
      <Filter>Header Files\cpsig</Filter>
    </ClInclude>
    <ClInclude Include="cp_test_helpers.h">
      <Filter>Header Files</Filter>
    </ClInclude>
  </ItemGroup>
  <ItemGroup>
    <ClCompile Include="..\cpsig\cppch.cpp">
      <Filter>Source Files\cpsig</Filter>
    </ClCompile>
    <ClCompile Include="..\cpsig\cpsig.cpp">
      <Filter>Source Files\cpsig</Filter>
    </ClCompile>
    <ClCompile Include="..\cpsig\cp_bch.cpp">
      <Filter>Source Files\cpsig</Filter>
    </ClCompile>
    <ClCompile Include="..\cpsig\cp_branched_cache.cpp">
      <Filter>Source Files\cpsig</Filter>
    </ClCompile>
    <ClCompile Include="..\cpsig\cp_branched_signature.cpp">
      <Filter>Source Files\cpsig</Filter>
    </ClCompile>
    <ClCompile Include="..\cpsig\cp_log_signatures.cpp">
      <Filter>Source Files\cpsig</Filter>
    </ClCompile>
    <ClCompile Include="..\cpsig\cp_path_transforms.cpp">
      <Filter>Source Files\cpsig</Filter>
    </ClCompile>
    <ClCompile Include="..\cpsig\cp_sig_coef.cpp">
      <Filter>Source Files\cpsig</Filter>
    </ClCompile>
    <ClCompile Include="..\cpsig\cp_sig_combine.cpp">
      <Filter>Source Files\cpsig</Filter>
    </ClCompile>
    <ClCompile Include="..\cpsig\cp_sig_join.cpp">
      <Filter>Source Files\cpsig</Filter>
    </ClCompile>
    <ClCompile Include="..\cpsig\cp_sig_kernel.cpp">
      <Filter>Source Files\cpsig</Filter>
    </ClCompile>
    <ClCompile Include="..\cpsig\cp_signature.cpp">
      <Filter>Source Files\cpsig</Filter>
    </ClCompile>
    <ClCompile Include="..\cpsig\cp_utils.cpp">
      <Filter>Source Files\cpsig</Filter>
    </ClCompile>
    <ClCompile Include="..\cpsig\log_sig_cache.cpp">
      <Filter>Source Files\cpsig</Filter>
    </ClCompile>
    <ClCompile Include="..\cpsig\words.cpp">
      <Filter>Source Files\cpsig</Filter>
    </ClCompile>
    <ClCompile Include="cp_test_misc.cpp">
      <Filter>Source Files</Filter>
    </ClCompile>
    <ClCompile Include="cp_test_signature.cpp">
      <Filter>Source Files</Filter>
    </ClCompile>
    <ClCompile Include="cp_test_sig_coef.cpp">
      <Filter>Source Files</Filter>
    </ClCompile>
    <ClCompile Include="cp_test_log_sig.cpp">
      <Filter>Source Files</Filter>
    </ClCompile>
    <ClCompile Include="cp_test_sig_kernel.cpp">
      <Filter>Source Files</Filter>
    </ClCompile>
    <ClCompile Include="cp_test_branched.cpp">
      <Filter>Source Files</Filter>
    </ClCompile>
  </ItemGroup>
</Project>
